
Microsoft Visual Studio Solution File, Format Version 12.00
# Visual Studio Version 16
VisualStudioVersion = 16.0.31911.196
MinimumVisualStudioVersion = 10.0.40219.1
Project("{FAE04EC0-301F-11D3-BF4B-00C04F79EFBC}") = "Form_Z04_2", "Form_Z04_2\Form_Z04_2.csproj", "{5432ACC6-72F8-4FF3-8C82-AE2C064505AA}"
EndProject
Global
	GlobalSection(SolutionConfigurationPlatforms) = preSolution
		Debug|Any CPU = Debug|Any CPU
		Release|Any CPU = Release|Any CPU
	EndGlobalSection
	GlobalSection(ProjectConfigurationPlatforms) = postSolution
		{5432ACC6-72F8-4FF3-8C82-AE2C064505AA}.Debug|Any CPU.ActiveCfg = Debug|Any CPU
		{5432ACC6-72F8-4FF3-8C82-AE2C064505AA}.Debug|Any CPU.Build.0 = Debug|Any CPU
		{5432ACC6-72F8-4FF3-8C82-AE2C064505AA}.Release|Any CPU.ActiveCfg = Release|Any CPU
		{5432ACC6-72F8-4FF3-8C82-AE2C064505AA}.Release|Any CPU.Build.0 = Release|Any CPU
	EndGlobalSection
	GlobalSection(SolutionProperties) = preSolution
		HideSolutionNode = FALSE
	EndGlobalSection
	GlobalSection(ExtensibilityGlobals) = postSolution
		SolutionGuid = {601D4500-466B-4F13-8891-910A35F27569}
	EndGlobalSection
EndGlobal
